
Microsoft Visual Studio Solution File, Format Version 12.00
# Visual Studio 15
VisualStudioVersion = 15.0.27703.2026
MinimumVisualStudioVersion = 10.0.40219.1
Project("{FAE04EC0-301F-11D3-BF4B-00C04F79EFBC}") = "FacadeExample", "FacadeExample\FacadeExample.csproj", "{87B52FC2-DF3F-4285-999C-9861993F04FE}"
EndProject
Project("{FAE04EC0-301F-11D3-BF4B-00C04F79EFBC}") = "AdapterExample", "AdapterExample\AdapterExample.csproj", "{672F53B1-07B2-4D3D-A07C-A2EECAEBB864}"
EndProject
Project("{FAE04EC0-301F-11D3-BF4B-00C04F79EFBC}") = "DecoratorExample", "DecoratorExample\DecoratorExample.csproj", "{C9CA41B3-E0B4-4A5E-B0D3-4D1B8664F314}"
EndProject
Project("{FAE04EC0-301F-11D3-BF4B-00C04F79EFBC}") = "CompositeExample", "CompositeExample\CompositeExample.csproj", "{8E59CD83-B568-4EB3-93B2-89CAE0556CE9}"
EndProject
Project("{FAE04EC0-301F-11D3-BF4B-00C04F79EFBC}") = "ProxyExample", "ProxyExample\ProxyExample.csproj", "{430522FA-6347-4B21-AC8B-80B5E036F4A7}"
EndProject
Project("{FAE04EC0-301F-11D3-BF4B-00C04F79EFBC}") = "BridgeExample", "BridgeExample\BridgeExample.csproj", "{AF305CB2-88C9-4BDC-A3FC-B324236AC69D}"
EndProject
Project("{FAE04EC0-301F-11D3-BF4B-00C04F79EFBC}") = "FlyweightExample", "FlyweightExample\FlyweightExample.csproj", "{4A4080F2-0D5D-4A94-9951-2C0560A59D98}"
EndProject
Project("{FAE04EC0-301F-11D3-BF4B-00C04F79EFBC}") = "StrategyExample", "StrategyExample\StrategyExample.csproj", "{BF3845BE-85F5-46FA-BABF-AF7838D1567D}"
EndProject
Project("{FAE04EC0-301F-11D3-BF4B-00C04F79EFBC}") = "ObserverExample", "ObserverExample\ObserverExample.csproj", "{17E86562-E2DC-4260-85CF-C7C7655B27A8}"
EndProject
Project("{FAE04EC0-301F-11D3-BF4B-00C04F79EFBC}") = "CommandExample", "CommandExample\CommandExample.csproj", "{D423EAFC-24D7-48E5-86A0-4520805F09A1}"
EndProject
Project("{FAE04EC0-301F-11D3-BF4B-00C04F79EFBC}") = "TempMethodExample", "TempMethodExample\TempMethodExample.csproj", "{F867534E-0657-473B-A3B1-D81423737596}"
EndProject
Global
	GlobalSection(SolutionConfigurationPlatforms) = preSolution
		Debug|Any CPU = Debug|Any CPU
		Release|Any CPU = Release|Any CPU
	EndGlobalSection
	GlobalSection(ProjectConfigurationPlatforms) = postSolution
		{87B52FC2-DF3F-4285-999C-9861993F04FE}.Debug|Any CPU.ActiveCfg = Debug|Any CPU
		{87B52FC2-DF3F-4285-999C-9861993F04FE}.Debug|Any CPU.Build.0 = Debug|Any CPU
		{87B52FC2-DF3F-4285-999C-9861993F04FE}.Release|Any CPU.ActiveCfg = Release|Any CPU
		{87B52FC2-DF3F-4285-999C-9861993F04FE}.Release|Any CPU.Build.0 = Release|Any CPU
		{672F53B1-07B2-4D3D-A07C-A2EECAEBB864}.Debug|Any CPU.ActiveCfg = Debug|Any CPU
		{672F53B1-07B2-4D3D-A07C-A2EECAEBB864}.Debug|Any CPU.Build.0 = Debug|Any CPU
		{672F53B1-07B2-4D3D-A07C-A2EECAEBB864}.Release|Any CPU.ActiveCfg = Release|Any CPU
		{672F53B1-07B2-4D3D-A07C-A2EECAEBB864}.Release|Any CPU.Build.0 = Release|Any CPU
		{C9CA41B3-E0B4-4A5E-B0D3-4D1B8664F314}.Debug|Any CPU.ActiveCfg = Debug|Any CPU
		{C9CA41B3-E0B4-4A5E-B0D3-4D1B8664F314}.Debug|Any CPU.Build.0 = Debug|Any CPU
		{C9CA41B3-E0B4-4A5E-B0D3-4D1B8664F314}.Release|Any CPU.ActiveCfg = Release|Any CPU
		{C9CA41B3-E0B4-4A5E-B0D3-4D1B8664F314}.Release|Any CPU.Build.0 = Release|Any CPU
		{8E59CD83-B568-4EB3-93B2-89CAE0556CE9}.Debug|Any CPU.ActiveCfg = Debug|Any CPU
		{8E59CD83-B568-4EB3-93B2-89CAE0556CE9}.Debug|Any CPU.Build.0 = Debug|Any CPU
		{8E59CD83-B568-4EB3-93B2-89CAE0556CE9}.Release|Any CPU.ActiveCfg = Release|Any CPU
		{8E59CD83-B568-4EB3-93B2-89CAE0556CE9}.Release|Any CPU.Build.0 = Release|Any CPU
		{430522FA-6347-4B21-AC8B-80B5E036F4A7}.Debug|Any CPU.ActiveCfg = Debug|Any CPU
		{430522FA-6347-4B21-AC8B-80B5E036F4A7}.Debug|Any CPU.Build.0 = Debug|Any CPU
		{430522FA-6347-4B21-AC8B-80B5E036F4A7}.Release|Any CPU.ActiveCfg = Release|Any CPU
		{430522FA-6347-4B21-AC8B-80B5E036F4A7}.Release|Any CPU.Build.0 = Release|Any CPU
		{AF305CB2-88C9-4BDC-A3FC-B324236AC69D}.Debug|Any CPU.ActiveCfg = Debug|Any CPU
		{AF305CB2-88C9-4BDC-A3FC-B324236AC69D}.Debug|Any CPU.Build.0 = Debug|Any CPU
		{AF305CB2-88C9-4BDC-A3FC-B324236AC69D}.Release|Any CPU.ActiveCfg = Release|Any CPU
		{AF305CB2-88C9-4BDC-A3FC-B324236AC69D}.Release|Any CPU.Build.0 = Release|Any CPU
		{4A4080F2-0D5D-4A94-9951-2C0560A59D98}.Debug|Any CPU.ActiveCfg = Debug|Any CPU
		{4A4080F2-0D5D-4A94-9951-2C0560A59D98}.Debug|Any CPU.Build.0 = Debug|Any CPU
		{4A4080F2-0D5D-4A94-9951-2C0560A59D98}.Release|Any CPU.ActiveCfg = Release|Any CPU
		{4A4080F2-0D5D-4A94-9951-2C0560A59D98}.Release|Any CPU.Build.0 = Release|Any CPU
		{BF3845BE-85F5-46FA-BABF-AF7838D1567D}.Debug|Any CPU.ActiveCfg = Debug|Any CPU
		{BF3845BE-85F5-46FA-BABF-AF7838D1567D}.Debug|Any CPU.Build.0 = Debug|Any CPU
		{BF3845BE-85F5-46FA-BABF-AF7838D1567D}.Release|Any CPU.ActiveCfg = Release|Any CPU
		{BF3845BE-85F5-46FA-BABF-AF7838D1567D}.Release|Any CPU.Build.0 = Release|Any CPU
		{17E86562-E2DC-4260-85CF-C7C7655B27A8}.Debug|Any CPU.ActiveCfg = Debug|Any CPU
		{17E86562-E2DC-4260-85CF-C7C7655B27A8}.Debug|Any CPU.Build.0 = Debug|Any CPU
		{17E86562-E2DC-4260-85CF-C7C7655B27A8}.Release|Any CPU.ActiveCfg = Release|Any CPU
		{17E86562-E2DC-4260-85CF-C7C7655B27A8}.Release|Any CPU.Build.0 = Release|Any CPU
		{D423EAFC-24D7-48E5-86A0-4520805F09A1}.Debug|Any CPU.ActiveCfg = Debug|Any CPU
		{D423EAFC-24D7-48E5-86A0-4520805F09A1}.Debug|Any CPU.Build.0 = Debug|Any CPU
		{D423EAFC-24D7-48E5-86A0-4520805F09A1}.Release|Any CPU.ActiveCfg = Release|Any CPU
		{D423EAFC-24D7-48E5-86A0-4520805F09A1}.Release|Any CPU.Build.0 = Release|Any CPU
		{F867534E-0657-473B-A3B1-D81423737596}.Debug|Any CPU.ActiveCfg = Debug|Any CPU
		{F867534E-0657-473B-A3B1-D81423737596}.Debug|Any CPU.Build.0 = Debug|Any CPU
		{F867534E-0657-473B-A3B1-D81423737596}.Release|Any CPU.ActiveCfg = Release|Any CPU
		{F867534E-0657-473B-A3B1-D81423737596}.Release|Any CPU.Build.0 = Release|Any CPU
	EndGlobalSection
	GlobalSection(SolutionProperties) = preSolution
		HideSolutionNode = FALSE
	EndGlobalSection
	GlobalSection(ExtensibilityGlobals) = postSolution
		SolutionGuid = {BFFC0ADD-A042-4D40-8BF2-DA2AF2F105EA}
	EndGlobalSection
EndGlobal
